
Microsoft Visual Studio Solution File, Format Version 12.00
# Visual Studio Version 16
VisualStudioVersion = 16.0.30204.135
MinimumVisualStudioVersion = 10.0.40219.1
Project("{FAE04EC0-301F-11D3-BF4B-00C04F79EFBC}") = "Garden_Tracker.UWP", "Garden_Tracker\Garden_Tracker.UWP\Garden_Tracker.UWP.csproj", "{6CA2EFD0-1394-4AF5-9801-1933F390A5E0}"
EndProject
Project("{FAE04EC0-301F-11D3-BF4B-00C04F79EFBC}") = "Garden_Tracker.Android", "Garden_Tracker\Garden_Tracker.Android\Garden_Tracker.Android.csproj", "{35AB38EE-EE71-450F-B952-13F7599BB718}"
EndProject
Project("{FAE04EC0-301F-11D3-BF4B-00C04F79EFBC}") = "Garden_Tracker.iOS", "Garden_Tracker\Garden_Tracker.iOS\Garden_Tracker.iOS.csproj", "{7FFF245B-60DD-4A6A-8C0C-B260C7E1BED8}"
EndProject
Project("{FAE04EC0-301F-11D3-BF4B-00C04F79EFBC}") = "Garden_Tracker", "Garden_Tracker\Garden_Tracker\Garden_Tracker.csproj", "{7438A8CA-C423-443C-A8E2-1FB9204BF876}"
EndProject
Global
	GlobalSection(SolutionConfigurationPlatforms) = preSolution
		Debug|Any CPU = Debug|Any CPU
		Debug|ARM = Debug|ARM
		Debug|iPhone = Debug|iPhone
		Debug|iPhoneSimulator = Debug|iPhoneSimulator
		Debug|x64 = Debug|x64
		Debug|x86 = Debug|x86
		Release|Any CPU = Release|Any CPU
		Release|ARM = Release|ARM
		Release|iPhone = Release|iPhone
		Release|iPhoneSimulator = Release|iPhoneSimulator
		Release|x64 = Release|x64
		Release|x86 = Release|x86
	EndGlobalSection
	GlobalSection(ProjectConfigurationPlatforms) = postSolution
		{6CA2EFD0-1394-4AF5-9801-1933F390A5E0}.Debug|Any CPU.ActiveCfg = Debug|x86
		{6CA2EFD0-1394-4AF5-9801-1933F390A5E0}.Debug|Any CPU.Build.0 = Debug|x86
		{6CA2EFD0-1394-4AF5-9801-1933F390A5E0}.Debug|Any CPU.Deploy.0 = Debug|x86
		{6CA2EFD0-1394-4AF5-9801-1933F390A5E0}.Debug|ARM.ActiveCfg = Debug|ARM
		{6CA2EFD0-1394-4AF5-9801-1933F390A5E0}.Debug|ARM.Build.0 = Debug|ARM
		{6CA2EFD0-1394-4AF5-9801-1933F390A5E0}.Debug|ARM.Deploy.0 = Debug|ARM
		{6CA2EFD0-1394-4AF5-9801-1933F390A5E0}.Debug|iPhone.ActiveCfg = Debug|x86
		{6CA2EFD0-1394-4AF5-9801-1933F390A5E0}.Debug|iPhone.Build.0 = Debug|x86
		{6CA2EFD0-1394-4AF5-9801-1933F390A5E0}.Debug|iPhone.Deploy.0 = Debug|x86
		{6CA2EFD0-1394-4AF5-9801-1933F390A5E0}.Debug|iPhoneSimulator.ActiveCfg = Debug|x86
		{6CA2EFD0-1394-4AF5-9801-1933F390A5E0}.Debug|iPhoneSimulator.Build.0 = Debug|x86
		{6CA2EFD0-1394-4AF5-9801-1933F390A5E0}.Debug|iPhoneSimulator.Deploy.0 = Debug|x86
		{6CA2EFD0-1394-4AF5-9801-1933F390A5E0}.Debug|x64.ActiveCfg = Debug|x64
		{6CA2EFD0-1394-4AF5-9801-1933F390A5E0}.Debug|x64.Build.0 = Debug|x64
		{6CA2EFD0-1394-4AF5-9801-1933F390A5E0}.Debug|x64.Deploy.0 = Debug|x64
		{6CA2EFD0-1394-4AF5-9801-1933F390A5E0}.Debug|x86.ActiveCfg = Debug|x86
		{6CA2EFD0-1394-4AF5-9801-1933F390A5E0}.Debug|x86.Build.0 = Debug|x86
		{6CA2EFD0-1394-4AF5-9801-1933F390A5E0}.Debug|x86.Deploy.0 = Debug|x86
		{6CA2EFD0-1394-4AF5-9801-1933F390A5E0}.Release|Any CPU.ActiveCfg = Release|x86
		{6CA2EFD0-1394-4AF5-9801-1933F390A5E0}.Release|Any CPU.Build.0 = Release|x86
		{6CA2EFD0-1394-4AF5-9801-1933F390A5E0}.Release|Any CPU.Deploy.0 = Release|x86
		{6CA2EFD0-1394-4AF5-9801-1933F390A5E0}.Release|ARM.ActiveCfg = Release|ARM
		{6CA2EFD0-1394-4AF5-9801-1933F390A5E0}.Release|ARM.Build.0 = Release|ARM
		{6CA2EFD0-1394-4AF5-9801-1933F390A5E0}.Release|ARM.Deploy.0 = Release|ARM
		{6CA2EFD0-1394-4AF5-9801-1933F390A5E0}.Release|iPhone.ActiveCfg = Release|x86
		{6CA2EFD0-1394-4AF5-9801-1933F390A5E0}.Release|iPhone.Build.0 = Release|x86
		{6CA2EFD0-1394-4AF5-9801-1933F390A5E0}.Release|iPhone.Deploy.0 = Release|x86
		{6CA2EFD0-1394-4AF5-9801-1933F390A5E0}.Release|iPhoneSimulator.ActiveCfg = Release|x86
		{6CA2EFD0-1394-4AF5-9801-1933F390A5E0}.Release|iPhoneSimulator.Build.0 = Release|x86
		{6CA2EFD0-1394-4AF5-9801-1933F390A5E0}.Release|iPhoneSimulator.Deploy.0 = Release|x86
		{6CA2EFD0-1394-4AF5-9801-1933F390A5E0}.Release|x64.ActiveCfg = Release|x64
		{6CA2EFD0-1394-4AF5-9801-1933F390A5E0}.Release|x64.Build.0 = Release|x64
		{6CA2EFD0-1394-4AF5-9801-1933F390A5E0}.Release|x64.Deploy.0 = Release|x64
		{6CA2EFD0-1394-4AF5-9801-1933F390A5E0}.Release|x86.ActiveCfg = Release|x86
		{6CA2EFD0-1394-4AF5-9801-1933F390A5E0}.Release|x86.Build.0 = Release|x86
		{6CA2EFD0-1394-4AF5-9801-1933F390A5E0}.Release|x86.Deploy.0 = Release|x86
		{35AB38EE-EE71-450F-B952-13F7599BB718}.Debug|Any CPU.ActiveCfg = Debug|Any CPU
		{35AB38EE-EE71-450F-B952-13F7599BB718}.Debug|Any CPU.Build.0 = Debug|Any CPU
		{35AB38EE-EE71-450F-B952-13F7599BB718}.Debug|Any CPU.Deploy.0 = Debug|Any CPU
		{35AB38EE-EE71-450F-B952-13F7599BB718}.Debug|ARM.ActiveCfg = Debug|Any CPU
		{35AB38EE-EE71-450F-B952-13F7599BB718}.Debug|ARM.Build.0 = Debug|Any CPU
		{35AB38EE-EE71-450F-B952-13F7599BB718}.Debug|ARM.Deploy.0 = Debug|Any CPU
		{35AB38EE-EE71-450F-B952-13F7599BB718}.Debug|iPhone.ActiveCfg = Debug|Any CPU
		{35AB38EE-EE71-450F-B952-13F7599BB718}.Debug|iPhone.Build.0 = Debug|Any CPU
		{35AB38EE-EE71-450F-B952-13F7599BB718}.Debug|iPhone.Deploy.0 = Debug|Any CPU
		{35AB38EE-EE71-450F-B952-13F7599BB718}.Debug|iPhoneSimulator.ActiveCfg = Debug|Any CPU
		{35AB38EE-EE71-450F-B952-13F7599BB718}.Debug|iPhoneSimulator.Build.0 = Debug|Any CPU
		{35AB38EE-EE71-450F-B952-13F7599BB718}.Debug|iPhoneSimulator.Deploy.0 = Debug|Any CPU
		{35AB38EE-EE71-450F-B952-13F7599BB718}.Debug|x64.ActiveCfg = Debug|Any CPU
		{35AB38EE-EE71-450F-B952-13F7599BB718}.Debug|x64.Build.0 = Debug|Any CPU
		{35AB38EE-EE71-450F-B952-13F7599BB718}.Debug|x64.Deploy.0 = Debug|Any CPU
		{35AB38EE-EE71-450F-B952-13F7599BB718}.Debug|x86.ActiveCfg = Debug|Any CPU
		{35AB38EE-EE71-450F-B952-13F7599BB718}.Debug|x86.Build.0 = Debug|Any CPU
		{35AB38EE-EE71-450F-B952-13F7599BB718}.Debug|x86.Deploy.0 = Debug|Any CPU
		{35AB38EE-EE71-450F-B952-13F7599BB718}.Release|Any CPU.ActiveCfg = Release|Any CPU
		{35AB38EE-EE71-450F-B952-13F7599BB718}.Release|Any CPU.Build.0 = Release|Any CPU
		{35AB38EE-EE71-450F-B952-13F7599BB718}.Release|Any CPU.Deploy.0 = Release|Any CPU
		{35AB38EE-EE71-450F-B952-13F7599BB718}.Release|ARM.ActiveCfg = Release|Any CPU
		{35AB38EE-EE71-450F-B952-13F7599BB718}.Release|ARM.Build.0 = Release|Any CPU
		{35AB38EE-EE71-450F-B952-13F7599BB718}.Release|ARM.Deploy.0 = Release|Any CPU
		{35AB38EE-EE71-450F-B952-13F7599BB718}.Release|iPhone.ActiveCfg = Release|Any CPU
		{35AB38EE-EE71-450F-B952-13F7599BB718}.Release|iPhone.Build.0 = Release|Any CPU
		{35AB38EE-EE71-450F-B952-13F7599BB718}.Release|iPhone.Deploy.0 = Release|Any CPU
		{35AB38EE-EE71-450F-B952-13F7599BB718}.Release|iPhoneSimulator.ActiveCfg = Release|Any CPU
		{35AB38EE-EE71-450F-B952-13F7599BB718}.Release|iPhoneSimulator.Build.0 = Release|Any CPU
		{35AB38EE-EE71-450F-B952-13F7599BB718}.Release|iPhoneSimulator.Deploy.0 = Release|Any CPU
		{35AB38EE-EE71-450F-B952-13F7599BB718}.Release|x64.ActiveCfg = Release|Any CPU
		{35AB38EE-EE71-450F-B952-13F7599BB718}.Release|x64.Build.0 = Release|Any CPU
		{35AB38EE-EE71-450F-B952-13F7599BB718}.Release|x64.Deploy.0 = Release|Any CPU
		{35AB38EE-EE71-450F-B952-13F7599BB718}.Release|x86.ActiveCfg = Release|Any CPU
		{35AB38EE-EE71-450F-B952-13F7599BB718}.Release|x86.Build.0 = Release|Any CPU
		{35AB38EE-EE71-450F-B952-13F7599BB718}.Release|x86.Deploy.0 = Release|Any CPU
		{7FFF245B-60DD-4A6A-8C0C-B260C7E1BED8}.Debug|Any CPU.ActiveCfg = Debug|iPhone
		{7FFF245B-60DD-4A6A-8C0C-B260C7E1BED8}.Debug|Any CPU.Build.0 = Debug|iPhone
		{7FFF245B-60DD-4A6A-8C0C-B260C7E1BED8}.Debug|Any CPU.Deploy.0 = Debug|iPhone
		{7FFF245B-60DD-4A6A-8C0C-B260C7E1BED8}.Debug|ARM.ActiveCfg = Debug|iPhone
		{7FFF245B-60DD-4A6A-8C0C-B260C7E1BED8}.Debug|ARM.Build.0 = Debug|iPhone
		{7FFF245B-60DD-4A6A-8C0C-B260C7E1BED8}.Debug|ARM.Deploy.0 = Debug|iPhone
		{7FFF245B-60DD-4A6A-8C0C-B260C7E1BED8}.Debug|iPhone.ActiveCfg = Debug|iPhone
		{7FFF245B-60DD-4A6A-8C0C-B260C7E1BED8}.Debug|iPhone.Build.0 = Debug|iPhone
		{7FFF245B-60DD-4A6A-8C0C-B260C7E1BED8}.Debug|iPhone.Deploy.0 = Debug|iPhone
		{7FFF245B-60DD-4A6A-8C0C-B260C7E1BED8}.Debug|iPhoneSimulator.ActiveCfg = Debug|iPhoneSimulator
		{7FFF245B-60DD-4A6A-8C0C-B260C7E1BED8}.Debug|iPhoneSimulator.Build.0 = Debug|iPhoneSimulator
		{7FFF245B-60DD-4A6A-8C0C-B260C7E1BED8}.Debug|iPhoneSimulator.Deploy.0 = Debug|iPhoneSimulator
		{7FFF245B-60DD-4A6A-8C0C-B260C7E1BED8}.Debug|x64.ActiveCfg = Debug|iPhone
		{7FFF245B-60DD-4A6A-8C0C-B260C7E1BED8}.Debug|x64.Build.0 = Debug|iPhone
		{7FFF245B-60DD-4A6A-8C0C-B260C7E1BED8}.Debug|x64.Deploy.0 = Debug|iPhone
		{7FFF245B-60DD-4A6A-8C0C-B260C7E1BED8}.Debug|x86.ActiveCfg = Debug|iPhone
		{7FFF245B-60DD-4A6A-8C0C-B260C7E1BED8}.Debug|x86.Build.0 = Debug|iPhone
		{7FFF245B-60DD-4A6A-8C0C-B260C7E1BED8}.Debug|x86.Deploy.0 = Debug|iPhone
		{7FFF245B-60DD-4A6A-8C0C-B260C7E1BED8}.Release|Any CPU.ActiveCfg = Release|iPhone
		{7FFF245B-60DD-4A6A-8C0C-B260C7E1BED8}.Release|Any CPU.Build.0 = Release|iPhone
		{7FFF245B-60DD-4A6A-8C0C-B260C7E1BED8}.Release|Any CPU.Deploy.0 = Release|iPhone
		{7FFF245B-60DD-4A6A-8C0C-B260C7E1BED8}.Release|ARM.ActiveCfg = Release|iPhone
		{7FFF245B-60DD-4A6A-8C0C-B260C7E1BED8}.Release|ARM.Build.0 = Release|iPhone
		{7FFF245B-60DD-4A6A-8C0C-B260C7E1BED8}.Release|ARM.Deploy.0 = Release|iPhone
		{7FFF245B-60DD-4A6A-8C0C-B260C7E1BED8}.Release|iPhone.ActiveCfg = Release|iPhone
		{7FFF245B-60DD-4A6A-8C0C-B260C7E1BED8}.Release|iPhone.Build.0 = Release|iPhone
		{7FFF245B-60DD-4A6A-8C0C-B260C7E1BED8}.Release|iPhone.Deploy.0 = Release|iPhone
		{7FFF245B-60DD-4A6A-8C0C-B260C7E1BED8}.Release|iPhoneSimulator.ActiveCfg = Release|iPhoneSimulator
		{7FFF245B-60DD-4A6A-8C0C-B260C7E1BED8}.Release|iPhoneSimulator.Build.0 = Release|iPhoneSimulator
		{7FFF245B-60DD-4A6A-8C0C-B260C7E1BED8}.Release|iPhoneSimulator.Deploy.0 = Release|iPhoneSimulator
		{7FFF245B-60DD-4A6A-8C0C-B260C7E1BED8}.Release|x64.ActiveCfg = Release|iPhone
		{7FFF245B-60DD-4A6A-8C0C-B260C7E1BED8}.Release|x64.Build.0 = Release|iPhone
		{7FFF245B-60DD-4A6A-8C0C-B260C7E1BED8}.Release|x64.Deploy.0 = Release|iPhone
		{7FFF245B-60DD-4A6A-8C0C-B260C7E1BED8}.Release|x86.ActiveCfg = Release|iPhone
		{7FFF245B-60DD-4A6A-8C0C-B260C7E1BED8}.Release|x86.Build.0 = Release|iPhone
		{7FFF245B-60DD-4A6A-8C0C-B260C7E1BED8}.Release|x86.Deploy.0 = Release|iPhone
		{7438A8CA-C423-443C-A8E2-1FB9204BF876}.Debug|Any CPU.ActiveCfg = Debug|Any CPU
		{7438A8CA-C423-443C-A8E2-1FB9204BF876}.Debug|Any CPU.Build.0 = Debug|Any CPU
		{7438A8CA-C423-443C-A8E2-1FB9204BF876}.Debug|Any CPU.Deploy.0 = Debug|Any CPU
		{7438A8CA-C423-443C-A8E2-1FB9204BF876}.Debug|ARM.ActiveCfg = Debug|Any CPU
		{7438A8CA-C423-443C-A8E2-1FB9204BF876}.Debug|ARM.Build.0 = Debug|Any CPU
		{7438A8CA-C423-443C-A8E2-1FB9204BF876}.Debug|ARM.Deploy.0 = Debug|Any CPU
		{7438A8CA-C423-443C-A8E2-1FB9204BF876}.Debug|iPhone.ActiveCfg = Debug|Any CPU
		{7438A8CA-C423-443C-A8E2-1FB9204BF876}.Debug|iPhone.Build.0 = Debug|Any CPU
		{7438A8CA-C423-443C-A8E2-1FB9204BF876}.Debug|iPhone.Deploy.0 = Debug|Any CPU
		{7438A8CA-C423-443C-A8E2-1FB9204BF876}.Debug|iPhoneSimulator.ActiveCfg = Debug|Any CPU
		{7438A8CA-C423-443C-A8E2-1FB9204BF876}.Debug|iPhoneSimulator.Build.0 = Debug|Any CPU
		{7438A8CA-C423-443C-A8E2-1FB9204BF876}.Debug|iPhoneSimulator.Deploy.0 = Debug|Any CPU
		{7438A8CA-C423-443C-A8E2-1FB9204BF876}.Debug|x64.ActiveCfg = Debug|Any CPU
		{7438A8CA-C423-443C-A8E2-1FB9204BF876}.Debug|x64.Build.0 = Debug|Any CPU
		{7438A8CA-C423-443C-A8E2-1FB9204BF876}.Debug|x64.Deploy.0 = Debug|Any CPU
		{7438A8CA-C423-443C-A8E2-1FB9204BF876}.Debug|x86.ActiveCfg = Debug|Any CPU
		{7438A8CA-C423-443C-A8E2-1FB9204BF876}.Debug|x86.Build.0 = Debug|Any CPU
		{7438A8CA-C423-443C-A8E2-1FB9204BF876}.Debug|x86.Deploy.0 = Debug|Any CPU
		{7438A8CA-C423-443C-A8E2-1FB9204BF876}.Release|Any CPU.ActiveCfg = Release|Any CPU
		{7438A8CA-C423-443C-A8E2-1FB9204BF876}.Release|Any CPU.Build.0 = Release|Any CPU
		{7438A8CA-C423-443C-A8E2-1FB9204BF876}.Release|Any CPU.Deploy.0 = Release|Any CPU
		{7438A8CA-C423-443C-A8E2-1FB9204BF876}.Release|ARM.ActiveCfg = Release|Any CPU
		{7438A8CA-C423-443C-A8E2-1FB9204BF876}.Release|ARM.Build.0 = Release|Any CPU
		{7438A8CA-C423-443C-A8E2-1FB9204BF876}.Release|ARM.Deploy.0 = Release|Any CPU
		{7438A8CA-C423-443C-A8E2-1FB9204BF876}.Release|iPhone.ActiveCfg = Release|Any CPU
		{7438A8CA-C423-443C-A8E2-1FB9204BF876}.Release|iPhone.Build.0 = Release|Any CPU
		{7438A8CA-C423-443C-A8E2-1FB9204BF876}.Release|iPhone.Deploy.0 = Release|Any CPU
		{7438A8CA-C423-443C-A8E2-1FB9204BF876}.Release|iPhoneSimulator.ActiveCfg = Release|Any CPU
		{7438A8CA-C423-443C-A8E2-1FB9204BF876}.Release|iPhoneSimulator.Build.0 = Release|Any CPU
		{7438A8CA-C423-443C-A8E2-1FB9204BF876}.Release|iPhoneSimulator.Deploy.0 = Release|Any CPU
		{7438A8CA-C423-443C-A8E2-1FB9204BF876}.Release|x64.ActiveCfg = Release|Any CPU
		{7438A8CA-C423-443C-A8E2-1FB9204BF876}.Release|x64.Build.0 = Release|Any CPU
		{7438A8CA-C423-443C-A8E2-1FB9204BF876}.Release|x64.Deploy.0 = Release|Any CPU
		{7438A8CA-C423-443C-A8E2-1FB9204BF876}.Release|x86.ActiveCfg = Release|Any CPU
		{7438A8CA-C423-443C-A8E2-1FB9204BF876}.Release|x86.Build.0 = Release|Any CPU
		{7438A8CA-C423-443C-A8E2-1FB9204BF876}.Release|x86.Deploy.0 = Release|Any CPU
	EndGlobalSection
	GlobalSection(SolutionProperties) = preSolution
		HideSolutionNode = FALSE
	EndGlobalSection
	GlobalSection(ExtensibilityGlobals) = postSolution
		SolutionGuid = {93E62953-F9C6-456D-A405-D7E477C77E6B}
	EndGlobalSection
EndGlobal
